// !$*UTF8*$!
{
	archiveVersion = 1;
	classes = {
	};
	objectVersion = 56;
	objects = {

/* Begin PBXBuildFile section */
		9F6607E22B1B5D4F00C2D634 /* Party_ExplorerApp.swift in Sources */ = {isa = PBXBuildFile; fileRef = 9F6607E12B1B5D4F00C2D634 /* Party_ExplorerApp.swift */; };
		9F6607E42B1B5D4F00C2D634 /* ContentView.swift in Sources */ = {isa = PBXBuildFile; fileRef = 9F6607E32B1B5D4F00C2D634 /* ContentView.swift */; };
		9F6607E62B1B5D5000C2D634 /* Assets.xcassets in Resources */ = {isa = PBXBuildFile; fileRef = 9F6607E52B1B5D5000C2D634 /* Assets.xcassets */; };
		9F6607E92B1B5D5000C2D634 /* Preview Assets.xcassets in Resources */ = {isa = PBXBuildFile; fileRef = 9F6607E82B1B5D5000C2D634 /* Preview Assets.xcassets */; };
		9F6607F02B1B60EE00C2D634 /* PartyViewModel.swift in Sources */ = {isa = PBXBuildFile; fileRef = 9F6607EF2B1B60EE00C2D634 /* PartyViewModel.swift */; };
		9F6607F22B1B62FC00C2D634 /* PartyCardView.swift in Sources */ = {isa = PBXBuildFile; fileRef = 9F6607F12B1B62FC00C2D634 /* PartyCardView.swift */; };
		9F6607F42B1B638D00C2D634 /* PartyData.swift in Sources */ = {isa = PBXBuildFile; fileRef = 9F6607F32B1B638D00C2D634 /* PartyData.swift */; };
		9F6607F62B1CCD6E00C2D634 /* Date+Extension.swift in Sources */ = {isa = PBXBuildFile; fileRef = 9F6607F52B1CCD6E00C2D634 /* Date+Extension.swift */; };
/* End PBXBuildFile section */

/* Begin PBXFileReference section */
		9F6607DE2B1B5D4F00C2D634 /* Party Explorer.app */ = {isa = PBXFileReference; explicitFileType = wrapper.application; includeInIndex = 0; path = "Party Explorer.app"; sourceTree = BUILT_PRODUCTS_DIR; };
		9F6607E12B1B5D4F00C2D634 /* Party_ExplorerApp.swift */ = {isa = PBXFileReference; lastKnownFileType = sourcecode.swift; path = Party_ExplorerApp.swift; sourceTree = "<group>"; };
		9F6607E32B1B5D4F00C2D634 /* ContentView.swift */ = {isa = PBXFileReference; lastKnownFileType = sourcecode.swift; path = ContentView.swift; sourceTree = "<group>"; };
		9F6607E52B1B5D5000C2D634 /* Assets.xcassets */ = {isa = PBXFileReference; lastKnownFileType = folder.assetcatalog; path = Assets.xcassets; sourceTree = "<group>"; };
		9F6607E82B1B5D5000C2D634 /* Preview Assets.xcassets */ = {isa = PBXFileReference; lastKnownFileType = folder.assetcatalog; path = "Preview Assets.xcassets"; sourceTree = "<group>"; };
		9F6607EF2B1B60EE00C2D634 /* PartyViewModel.swift */ = {isa = PBXFileReference; lastKnownFileType = sourcecode.swift; path = PartyViewModel.swift; sourceTree = "<group>"; };
		9F6607F12B1B62FC00C2D634 /* PartyCardView.swift */ = {isa = PBXFileReference; lastKnownFileType = sourcecode.swift; path = PartyCardView.swift; sourceTree = "<group>"; };
		9F6607F32B1B638D00C2D634 /* PartyData.swift */ = {isa = PBXFileReference; lastKnownFileType = sourcecode.swift; path = PartyData.swift; sourceTree = "<group>"; };
		9F6607F52B1CCD6E00C2D634 /* Date+Extension.swift */ = {isa = PBXFileReference; lastKnownFileType = sourcecode.swift; path = "Date+Extension.swift"; sourceTree = "<group>"; };
/* End PBXFileReference section */

/* Begin PBXFrameworksBuildPhase section */
		9F6607DB2B1B5D4F00C2D634 /* Frameworks */ = {
			isa = PBXFrameworksBuildPhase;
			buildActionMask = 2147483647;
			files = (
			);
			runOnlyForDeploymentPostprocessing = 0;
		};
/* End PBXFrameworksBuildPhase section */

/* Begin PBXGroup section */
		9F6607D52B1B5D4F00C2D634 = {
			isa = PBXGroup;
			children = (
				9F6607E02B1B5D4F00C2D634 /* Party Explorer */,
				9F6607DF2B1B5D4F00C2D634 /* Products */,
			);
			sourceTree = "<group>";
		};
		9F6607DF2B1B5D4F00C2D634 /* Products */ = {
			isa = PBXGroup;
			children = (
				9F6607DE2B1B5D4F00C2D634 /* Party Explorer.app */,
			);
			name = Products;
			sourceTree = "<group>";
		};
		9F6607E02B1B5D4F00C2D634 /* Party Explorer */ = {
			isa = PBXGroup;
			children = (
				9F6607FB2B1CD18F00C2D634 /* Utilities */,
				9F6607FA2B1CD15200C2D634 /* Resources */,
				9F6607E12B1B5D4F00C2D634 /* Party_ExplorerApp.swift */,
				9F6607F92B1CD12B00C2D634 /* ViewModel */,
				9F6607F82B1CD11C00C2D634 /* Model */,
				9F6607F72B1CD10500C2D634 /* View */,
				9F6607E72B1B5D5000C2D634 /* Preview Content */,
			);
			path = "Party Explorer";
			sourceTree = "<group>";
		};
		9F6607E72B1B5D5000C2D634 /* Preview Content */ = {
			isa = PBXGroup;
			children = (
				9F6607E82B1B5D5000C2D634 /* Preview Assets.xcassets */,
			);
			path = "Preview Content";
			sourceTree = "<group>";
		};
		9F6607F72B1CD10500C2D634 /* View */ = {
			isa = PBXGroup;
			children = (
				9F6607E32B1B5D4F00C2D634 /* ContentView.swift */,
				9F6607F12B1B62FC00C2D634 /* PartyCardView.swift */,
			);
			path = View;
			sourceTree = "<group>";
		};
		9F6607F82B1CD11C00C2D634 /* Model */ = {
			isa = PBXGroup;
			children = (
				9F6607F32B1B638D00C2D634 /* PartyData.swift */,
			);
			path = Model;
			sourceTree = "<group>";
		};
		9F6607F92B1CD12B00C2D634 /* ViewModel */ = {
			isa = PBXGroup;
			children = (
				9F6607EF2B1B60EE00C2D634 /* PartyViewModel.swift */,
			);
			path = ViewModel;
			sourceTree = "<group>";
		};
		9F6607FA2B1CD15200C2D634 /* Resources */ = {
			isa = PBXGroup;
			children = (
				9F6607E52B1B5D5000C2D634 /* Assets.xcassets */,
			);
			path = Resources;
			sourceTree = "<group>";
		};
		9F6607FB2B1CD18F00C2D634 /* Utilities */ = {
			isa = PBXGroup;
			children = (
				9F6607F52B1CCD6E00C2D634 /* Date+Extension.swift */,
			);
			path = Utilities;
			sourceTree = "<group>";
		};
/* End PBXGroup section */

/* Begin PBXNativeTarget section */
		9F6607DD2B1B5D4F00C2D634 /* Party Explorer */ = {
			isa = PBXNativeTarget;
			buildConfigurationList = 9F6607EC2B1B5D5000C2D634 /* Build configuration list for PBXNativeTarget "Party Explorer" */;
			buildPhases = (
				9F6607DA2B1B5D4F00C2D634 /* Sources */,
				9F6607DB2B1B5D4F00C2D634 /* Frameworks */,
				9F6607DC2B1B5D4F00C2D634 /* Resources */,
			);
			buildRules = (
			);
			dependencies = (
			);
			name = "Party Explorer";
			productName = "Party Explorer";
			productReference = 9F6607DE2B1B5D4F00C2D634 /* Party Explorer.app */;
			productType = "com.apple.product-type.application";
		};
/* End PBXNativeTarget section */

/* Begin PBXProject section */
		9F6607D62B1B5D4F00C2D634 /* Project object */ = {
			isa = PBXProject;
			attributes = {
				BuildIndependentTargetsInParallel = 1;
				LastSwiftUpdateCheck = 1500;
				LastUpgradeCheck = 1500;
				TargetAttributes = {
					9F6607DD2B1B5D4F00C2D634 = {
						CreatedOnToolsVersion = 15.0;
					};
				};
			};
			buildConfigurationList = 9F6607D92B1B5D4F00C2D634 /* Build configuration list for PBXProject "Party Explorer" */;
			compatibilityVersion = "Xcode 14.0";
			developmentRegion = en;
			hasScannedForEncodings = 0;
			knownRegions = (
				en,
				Base,
			);
			mainGroup = 9F6607D52B1B5D4F00C2D634;
			productRefGroup = 9F6607DF2B1B5D4F00C2D634 /* Products */;
			projectDirPath = "";
			projectRoot = "";
			targets = (
				9F6607DD2B1B5D4F00C2D634 /* Party Explorer */,
			);
		};
/* End PBXProject section */

/* Begin PBXResourcesBuildPhase section */
		9F6607DC2B1B5D4F00C2D634 /* Resources */ = {
			isa = PBXResourcesBuildPhase;
			buildActionMask = 2147483647;
			files = (
				9F6607E92B1B5D5000C2D634 /* Preview Assets.xcassets in Resources */,
				9F6607E62B1B5D5000C2D634 /* Assets.xcassets in Resources */,
			);
			runOnlyForDeploymentPostprocessing = 0;
		};
/* End PBXResourcesBuildPhase section */

/* Begin PBXSourcesBuildPhase section */
		9F6607DA2B1B5D4F00C2D634 /* Sources */ = {
			isa = PBXSourcesBuildPhase;
			buildActionMask = 2147483647;
			files = (
				9F6607F42B1B638D00C2D634 /* PartyData.swift in Sources */,
				9F6607E42B1B5D4F00C2D634 /* ContentView.swift in Sources */,
				9F6607F22B1B62FC00C2D634 /* PartyCardView.swift in Sources */,
				9F6607E22B1B5D4F00C2D634 /* Party_ExplorerApp.swift in Sources */,
				9F6607F02B1B60EE00C2D634 /* PartyViewModel.swift in Sources */,
				9F6607F62B1CCD6E00C2D634 /* Date+Extension.swift in Sources */,
			);
			runOnlyForDeploymentPostprocessing = 0;
		};
/* End PBXSourcesBuildPhase section */

/* Begin XCBuildConfiguration section */
		9F6607EA2B1B5D5000C2D634 /* Debug */ = {
			isa = XCBuildConfiguration;
			buildSettings = {
				ALWAYS_SEARCH_USER_PATHS = NO;
				ASSETCATALOG_COMPILER_GENERATE_SWIFT_ASSET_SYMBOL_EXTENSIONS = YES;
				CLANG_ANALYZER_NONNULL = YES;
				CLANG_ANALYZER_NUMBER_OBJECT_CONVERSION = YES_AGGRESSIVE;
				CLANG_CXX_LANGUAGE_STANDARD = "gnu++20";
				CLANG_ENABLE_MODULES = YES;
				CLANG_ENABLE_OBJC_ARC = YES;
				CLANG_ENABLE_OBJC_WEAK = YES;
				CLANG_WARN_BLOCK_CAPTURE_AUTORELEASING = YES;
				CLANG_WARN_BOOL_CONVERSION = YES;
				CLANG_WARN_COMMA = YES;
				CLANG_WARN_CONSTANT_CONVERSION = YES;
				CLANG_WARN_DEPRECATED_OBJC_IMPLEMENTATIONS = YES;
				CLANG_WARN_DIRECT_OBJC_ISA_USAGE = YES_ERROR;
				CLANG_WARN_DOCUMENTATION_COMMENTS = YES;
				CLANG_WARN_EMPTY_BODY = YES;
				CLANG_WARN_ENUM_CONVERSION = YES;
				CLANG_WARN_INFINITE_RECURSION = YES;
				CLANG_WARN_INT_CONVERSION = YES;
				CLANG_WARN_NON_LITERAL_NULL_CONVERSION = YES;
				CLANG_WARN_OBJC_IMPLICIT_RETAIN_SELF = YES;
				CLANG_WARN_OBJC_LITERAL_CONVERSION = YES;
				CLANG_WARN_OBJC_ROOT_CLASS = YES_ERROR;
				CLANG_WARN_QUOTED_INCLUDE_IN_FRAMEWORK_HEADER = YES;
				CLANG_WARN_RANGE_LOOP_ANALYSIS = YES;
				CLANG_WARN_STRICT_PROTOTYPES = YES;
				CLANG_WARN_SUSPICIOUS_MOVE = YES;
				CLANG_WARN_UNGUARDED_AVAILABILITY = YES_AGGRESSIVE;
				CLANG_WARN_UNREACHABLE_CODE = YES;
				CLANG_WARN__DUPLICATE_METHOD_MATCH = YES;
				COPY_PHASE_STRIP = NO;
				DEBUG_INFORMATION_FORMAT = dwarf;
				ENABLE_STRICT_OBJC_MSGSEND = YES;
				ENABLE_TESTABILITY = YES;
				ENABLE_USER_SCRIPT_SANDBOXING = YES;
				GCC_C_LANGUAGE_STANDARD = gnu17;
				GCC_DYNAMIC_NO_PIC = NO;
				GCC_NO_COMMON_BLOCKS = YES;
				GCC_OPTIMIZATION_LEVEL = 0;
				GCC_PREPROCESSOR_DEFINITIONS = (
					"DEBUG=1",
					"$(inherited)",
				);
				GCC_WARN_64_TO_32_BIT_CONVERSION = YES;
				GCC_WARN_ABOUT_RETURN_TYPE = YES_ERROR;
				GCC_WARN_UNDECLARED_SELECTOR = YES;
				GCC_WARN_UNINITIALIZED_AUTOS = YES_AGGRESSIVE;
				GCC_WARN_UNUSED_FUNCTION = YES;
				GCC_WARN_UNUSED_VARIABLE = YES;
				IPHONEOS_DEPLOYMENT_TARGET = 17.0;
				LOCALIZATION_PREFERS_STRING_CATALOGS = YES;
				MTL_ENABLE_DEBUG_INFO = INCLUDE_SOURCE;
				MTL_FAST_MATH = YES;
				ONLY_ACTIVE_ARCH = YES;
				SDKROOT = iphoneos;
				SWIFT_ACTIVE_COMPILATION_CONDITIONS = "DEBUG $(inherited)";
				SWIFT_OPTIMIZATION_LEVEL = "-Onone";
			};
			name = Debug;
		};
		9F6607EB2B1B5D5000C2D634 /* Release */ = {
			isa = XCBuildConfiguration;
			buildSettings = {
				ALWAYS_SEARCH_USER_PATHS = NO;
				ASSETCATALOG_COMPILER_GENERATE_SWIFT_ASSET_SYMBOL_EXTENSIONS = YES;
				CLANG_ANALYZER_NONNULL = YES;
				CLANG_ANALYZER_NUMBER_OBJECT_CONVERSION = YES_AGGRESSIVE;
				CLANG_CXX_LANGUAGE_STANDARD = "gnu++20";
				CLANG_ENABLE_MODULES = YES;
				CLANG_ENABLE_OBJC_ARC = YES;
				CLANG_ENABLE_OBJC_WEAK = YES;
				CLANG_WARN_BLOCK_CAPTURE_AUTORELEASING = YES;
				CLANG_WARN_BOOL_CONVERSION = YES;
				CLANG_WARN_COMMA = YES;
				CLANG_WARN_CONSTANT_CONVERSION = YES;
				CLANG_WARN_DEPRECATED_OBJC_IMPLEMENTATIONS = YES;
				CLANG_WARN_DIRECT_OBJC_ISA_USAGE = YES_ERROR;
				CLANG_WARN_DOCUMENTATION_COMMENTS = YES;
				CLANG_WARN_EMPTY_BODY = YES;
				CLANG_WARN_ENUM_CONVERSION = YES;
				CLANG_WARN_INFINITE_RECURSION = YES;
				CLANG_WARN_INT_CONVERSION = YES;
				CLANG_WARN_NON_LITERAL_NULL_CONVERSION = YES;
				CLANG_WARN_OBJC_IMPLICIT_RETAIN_SELF = YES;
				CLANG_WARN_OBJC_LITERAL_CONVERSION = YES;
				CLANG_WARN_OBJC_ROOT_CLASS = YES_ERROR;
				CLANG_WARN_QUOTED_INCLUDE_IN_FRAMEWORK_HEADER = YES;
				CLANG_WARN_RANGE_LOOP_ANALYSIS = YES;
				CLANG_WARN_STRICT_PROTOTYPES = YES;
				CLANG_WARN_SUSPICIOUS_MOVE = YES;
				CLANG_WARN_UNGUARDED_AVAILABILITY = YES_AGGRESSIVE;
				CLANG_WARN_UNREACHABLE_CODE = YES;
				CLANG_WARN__DUPLICATE_METHOD_MATCH = YES;
				COPY_PHASE_STRIP = NO;
				DEBUG_INFORMATION_FORMAT = "dwarf-with-dsym";
				ENABLE_NS_ASSERTIONS = NO;
				ENABLE_STRICT_OBJC_MSGSEND = YES;
				ENABLE_USER_SCRIPT_SANDBOXING = YES;
				GCC_C_LANGUAGE_STANDARD = gnu17;
				GCC_NO_COMMON_BLOCKS = YES;
				GCC_WARN_64_TO_32_BIT_CONVERSION = YES;
				GCC_WARN_ABOUT_RETURN_TYPE = YES_ERROR;
				GCC_WARN_UNDECLARED_SELECTOR = YES;
				GCC_WARN_UNINITIALIZED_AUTOS = YES_AGGRESSIVE;
				GCC_WARN_UNUSED_FUNCTION = YES;
				GCC_WARN_UNUSED_VARIABLE = YES;
				IPHONEOS_DEPLOYMENT_TARGET = 17.0;
				LOCALIZATION_PREFERS_STRING_CATALOGS = YES;
				MTL_ENABLE_DEBUG_INFO = NO;
				MTL_FAST_MATH = YES;
				SDKROOT = iphoneos;
				SWIFT_COMPILATION_MODE = wholemodule;
				VALIDATE_PRODUCT = YES;
			};
			name = Release;
		};
		9F6607ED2B1B5D5000C2D634 /* Debug */ = {
			isa = XCBuildConfiguration;
			buildSettings = {
				ASSETCATALOG_COMPILER_APPICON_NAME = AppIcon;
				ASSETCATALOG_COMPILER_GLOBAL_ACCENT_COLOR_NAME = AccentColor;
				CODE_SIGN_STYLE = Automatic;
				CURRENT_PROJECT_VERSION = 1;
				DEVELOPMENT_ASSET_PATHS = "\"Party Explorer/Preview Content\"";
				ENABLE_PREVIEWS = YES;
				GENERATE_INFOPLIST_FILE = YES;
				INFOPLIST_KEY_UIApplicationSceneManifest_Generation = YES;
				INFOPLIST_KEY_UIApplicationSupportsIndirectInputEvents = YES;
				INFOPLIST_KEY_UILaunchScreen_Generation = YES;
				INFOPLIST_KEY_UISupportedInterfaceOrientations_iPad = "UIInterfaceOrientationPortrait UIInterfaceOrientationPortraitUpsideDown UIInterfaceOrientationLandscapeLeft UIInterfaceOrientationLandscapeRight";
				INFOPLIST_KEY_UISupportedInterfaceOrientations_iPhone = "UIInterfaceOrientationPortrait UIInterfaceOrientationLandscapeLeft UIInterfaceOrientationLandscapeRight";
				LD_RUNPATH_SEARCH_PATHS = (
					"$(inherited)",
					"@executable_path/Frameworks",
				);
				MARKETING_VERSION = 1.0;
				PRODUCT_BUNDLE_IDENTIFIER = "com.app.Party-Explorer";
				PRODUCT_NAME = "$(TARGET_NAME)";
				SWIFT_EMIT_LOC_STRINGS = YES;
				SWIFT_VERSION = 5.0;
				TARGETED_DEVICE_FAMILY = "1,2";
			};
			name = Debug;
		};
		9F6607EE2B1B5D5000C2D634 /* Release */ = {
			isa = XCBuildConfiguration;
			buildSettings = {
				ASSETCATALOG_COMPILER_APPICON_NAME = AppIcon;
				ASSETCATALOG_COMPILER_GLOBAL_ACCENT_COLOR_NAME = AccentColor;
				CODE_SIGN_STYLE = Automatic;
				CURRENT_PROJECT_VERSION = 1;
				DEVELOPMENT_ASSET_PATHS = "\"Party Explorer/Preview Content\"";
				ENABLE_PREVIEWS = YES;
				GENERATE_INFOPLIST_FILE = YES;
				INFOPLIST_KEY_UIApplicationSceneManifest_Generation = YES;
				INFOPLIST_KEY_UIApplicationSupportsIndirectInputEvents = YES;
				INFOPLIST_KEY_UILaunchScreen_Generation = YES;
				INFOPLIST_KEY_UISupportedInterfaceOrientations_iPad = "UIInterfaceOrientationPortrait UIInterfaceOrientationPortraitUpsideDown UIInterfaceOrientationLandscapeLeft UIInterfaceOrientationLandscapeRight";
				INFOPLIST_KEY_UISupportedInterfaceOrientations_iPhone = "UIInterfaceOrientationPortrait UIInterfaceOrientationLandscapeLeft UIInterfaceOrientationLandscapeRight";
				LD_RUNPATH_SEARCH_PATHS = (
					"$(inherited)",
					"@executable_path/Frameworks",
				);
				MARKETING_VERSION = 1.0;
				PRODUCT_BUNDLE_IDENTIFIER = "com.app.Party-Explorer";
				PRODUCT_NAME = "$(TARGET_NAME)";
				SWIFT_EMIT_LOC_STRINGS = YES;
				SWIFT_VERSION = 5.0;
				TARGETED_DEVICE_FAMILY = "1,2";
			};
			name = Release;
		};
/* End XCBuildConfiguration section */

/* Begin XCConfigurationList section */
		9F6607D92B1B5D4F00C2D634 /* Build configuration list for PBXProject "Party Explorer" */ = {
			isa = XCConfigurationList;
			buildConfigurations = (
				9F6607EA2B1B5D5000C2D634 /* Debug */,
				9F6607EB2B1B5D5000C2D634 /* Release */,
			);
			defaultConfigurationIsVisible = 0;
			defaultConfigurationName = Release;
		};
		9F6607EC2B1B5D5000C2D634 /* Build configuration list for PBXNativeTarget "Party Explorer" */ = {
			isa = XCConfigurationList;
			buildConfigurations = (
				9F6607ED2B1B5D5000C2D634 /* Debug */,
				9F6607EE2B1B5D5000C2D634 /* Release */,
			);
			defaultConfigurationIsVisible = 0;
			defaultConfigurationName = Release;
		};
/* End XCConfigurationList section */
	};
	rootObject = 9F6607D62B1B5D4F00C2D634 /* Project object */;
}
